{
  "name": "ajs2",
  "version": "1.0.0",
  "lockfileVersion": 1,
  "requires": true,
  "dependencies": {
    "@sokovv/ajs": {
      "version": "1.0.0",
      "resolved": "https://npm.pkg.github.com/download/@sokovv/ajs/1.0.0/9282bafce220e562e2c6a8bb083608065269720105c0266016ec0f30f2c263ff",
      "integrity": "sha512-XwFkTIndvhIfnZv9lgaueqhSosWwsWfGQvMTdkHD/FSL8+8hAOTGzPCxU85knGCejqCVRisL8pYbs8JV0b7qRg=="
    }
  }
}
